// !$*UTF8*$!
{
	archiveVersion = 1;
	classes = {
	};
	objectVersion = 46;
	objects = {

/* Begin PBXBuildFile section */
		E2B552251F4E1D0B00C7FA59 /* AppDelegate.swift in Sources */ = {isa = PBXBuildFile; fileRef = E2B552241F4E1D0B00C7FA59 /* AppDelegate.swift */; };
		E2B552271F4E1D0B00C7FA59 /* ViewController.swift in Sources */ = {isa = PBXBuildFile; fileRef = E2B552261F4E1D0B00C7FA59 /* ViewController.swift */; };
		E2B5522A1F4E1D0B00C7FA59 /* Main.storyboard in Resources */ = {isa = PBXBuildFile; fileRef = E2B552281F4E1D0B00C7FA59 /* Main.storyboard */; };
		E2B5522D1F4E1D0B00C7FA59 /* Pokedex.xcdatamodeld in Sources */ = {isa = PBXBuildFile; fileRef = E2B5522B1F4E1D0B00C7FA59 /* Pokedex.xcdatamodeld */; };
		E2B5522F1F4E1D0B00C7FA59 /* Assets.xcassets in Resources */ = {isa = PBXBuildFile; fileRef = E2B5522E1F4E1D0B00C7FA59 /* Assets.xcassets */; };
		E2B552321F4E1D0B00C7FA59 /* LaunchScreen.storyboard in Resources */ = {isa = PBXBuildFile; fileRef = E2B552301F4E1D0B00C7FA59 /* LaunchScreen.storyboard */; };
/* End PBXBuildFile section */

/* Begin PBXFileReference section */
		E2B552211F4E1D0B00C7FA59 /* Pokedex.app */ = {isa = PBXFileReference; explicitFileType = wrapper.application; includeInIndex = 0; path = Pokedex.app; sourceTree = BUILT_PRODUCTS_DIR; };
		E2B552241F4E1D0B00C7FA59 /* AppDelegate.swift */ = {isa = PBXFileReference; lastKnownFileType = sourcecode.swift; path = AppDelegate.swift; sourceTree = "<group>"; };
		E2B552261F4E1D0B00C7FA59 /* ViewController.swift */ = {isa = PBXFileReference; lastKnownFileType = sourcecode.swift; path = ViewController.swift; sourceTree = "<group>"; };
		E2B552291F4E1D0B00C7FA59 /* Base */ = {isa = PBXFileReference; lastKnownFileType = file.storyboard; name = Base; path = Base.lproj/Main.storyboard; sourceTree = "<group>"; };
		E2B5522C1F4E1D0B00C7FA59 /* Pokedex.xcdatamodel */ = {isa = PBXFileReference; lastKnownFileType = wrapper.xcdatamodel; path = Pokedex.xcdatamodel; sourceTree = "<group>"; };
		E2B5522E1F4E1D0B00C7FA59 /* Assets.xcassets */ = {isa = PBXFileReference; lastKnownFileType = folder.assetcatalog; path = Assets.xcassets; sourceTree = "<group>"; };
		E2B552311F4E1D0B00C7FA59 /* Base */ = {isa = PBXFileReference; lastKnownFileType = file.storyboard; name = Base; path = Base.lproj/LaunchScreen.storyboard; sourceTree = "<group>"; };
		E2B552331F4E1D0B00C7FA59 /* Info.plist */ = {isa = PBXFileReference; lastKnownFileType = text.plist.xml; path = Info.plist; sourceTree = "<group>"; };
/* End PBXFileReference section */

/* Begin PBXFrameworksBuildPhase section */
		E2B5521E1F4E1D0B00C7FA59 /* Frameworks */ = {
			isa = PBXFrameworksBuildPhase;
			buildActionMask = 2147483647;
			files = (
			);
			runOnlyForDeploymentPostprocessing = 0;
		};
/* End PBXFrameworksBuildPhase section */

/* Begin PBXGroup section */
		E2B552181F4E1D0B00C7FA59 = {
			isa = PBXGroup;
			children = (
				E2B552231F4E1D0B00C7FA59 /* Pokedex */,
				E2B552221F4E1D0B00C7FA59 /* Products */,
			);
			sourceTree = "<group>";
		};
		E2B552221F4E1D0B00C7FA59 /* Products */ = {
			isa = PBXGroup;
			children = (
				E2B552211F4E1D0B00C7FA59 /* Pokedex.app */,
			);
			name = Products;
			sourceTree = "<group>";
		};
		E2B552231F4E1D0B00C7FA59 /* Pokedex */ = {
			isa = PBXGroup;
			children = (
				E2B552241F4E1D0B00C7FA59 /* AppDelegate.swift */,
				E2B552261F4E1D0B00C7FA59 /* ViewController.swift */,
				E2B552281F4E1D0B00C7FA59 /* Main.storyboard */,
				E2B5522E1F4E1D0B00C7FA59 /* Assets.xcassets */,
				E2B552301F4E1D0B00C7FA59 /* LaunchScreen.storyboard */,
				E2B552331F4E1D0B00C7FA59 /* Info.plist */,
				E2B5522B1F4E1D0B00C7FA59 /* Pokedex.xcdatamodeld */,
			);
			path = Pokedex;
			sourceTree = "<group>";
		};
/* End PBXGroup section */

/* Begin PBXNativeTarget section */
		E2B552201F4E1D0B00C7FA59 /* Pokedex */ = {
			isa = PBXNativeTarget;
			buildConfigurationList = E2B552361F4E1D0B00C7FA59 /* Build configuration list for PBXNativeTarget "Pokedex" */;
			buildPhases = (
				E2B5521D1F4E1D0B00C7FA59 /* Sources */,
				E2B5521E1F4E1D0B00C7FA59 /* Frameworks */,
				E2B5521F1F4E1D0B00C7FA59 /* Resources */,
			);
			buildRules = (
			);
			dependencies = (
			);
			name = Pokedex;
			productName = Pokedex;
			productReference = E2B552211F4E1D0B00C7FA59 /* Pokedex.app */;
			productType = "com.apple.product-type.application";
		};
/* End PBXNativeTarget section */

/* Begin PBXProject section */
		E2B552191F4E1D0B00C7FA59 /* Project object */ = {
			isa = PBXProject;
			attributes = {
				LastSwiftUpdateCheck = 0830;
				LastUpgradeCheck = 0830;
				ORGANIZATIONNAME = "Binal Heybeli";
				TargetAttributes = {
					E2B552201F4E1D0B00C7FA59 = {
						CreatedOnToolsVersion = 8.3.3;
						DevelopmentTeam = 54677L9HM4;
						ProvisioningStyle = Automatic;
					};
				};
			};
			buildConfigurationList = E2B5521C1F4E1D0B00C7FA59 /* Build configuration list for PBXProject "Pokedex" */;
			compatibilityVersion = "Xcode 3.2";
			developmentRegion = English;
			hasScannedForEncodings = 0;
			knownRegions = (
				en,
				Base,
			);
			mainGroup = E2B552181F4E1D0B00C7FA59;
			productRefGroup = E2B552221F4E1D0B00C7FA59 /* Products */;
			projectDirPath = "";
			projectRoot = "";
			targets = (
				E2B552201F4E1D0B00C7FA59 /* Pokedex */,
			);
		};
/* End PBXProject section */

/* Begin PBXResourcesBuildPhase section */
		E2B5521F1F4E1D0B00C7FA59 /* Resources */ = {
			isa = PBXResourcesBuildPhase;
			buildActionMask = 2147483647;
			files = (
				E2B552321F4E1D0B00C7FA59 /* LaunchScreen.storyboard in Resources */,
				E2B5522F1F4E1D0B00C7FA59 /* Assets.xcassets in Resources */,
				E2B5522A1F4E1D0B00C7FA59 /* Main.storyboard in Resources */,
			);
			runOnlyForDeploymentPostprocessing = 0;
		};
/* End PBXResourcesBuildPhase section */

/* Begin PBXSourcesBuildPhase section */
		E2B5521D1F4E1D0B00C7FA59 /* Sources */ = {
			isa = PBXSourcesBuildPhase;
			buildActionMask = 2147483647;
			files = (
				E2B552271F4E1D0B00C7FA59 /* ViewController.swift in Sources */,
				E2B5522D1F4E1D0B00C7FA59 /* Pokedex.xcdatamodeld in Sources */,
				E2B552251F4E1D0B00C7FA59 /* AppDelegate.swift in Sources */,
			);
			runOnlyForDeploymentPostprocessing = 0;
		};
/* End PBXSourcesBuildPhase section */

/* Begin PBXVariantGroup section */
		E2B552281F4E1D0B00C7FA59 /* Main.storyboard */ = {
			isa = PBXVariantGroup;
			children = (
				E2B552291F4E1D0B00C7FA59 /* Base */,
			);
			name = Main.storyboard;
			sourceTree = "<group>";
		};
		E2B552301F4E1D0B00C7FA59 /* LaunchScreen.storyboard */ = {
			isa = PBXVariantGroup;
			children = (
				E2B552311F4E1D0B00C7FA59 /* Base */,
			);
			name = LaunchScreen.storyboard;
			sourceTree = "<group>";
		};
/* End PBXVariantGroup section */

/* Begin XCBuildConfiguration section */
		E2B552341F4E1D0B00C7FA59 /* Debug */ = {
			isa = XCBuildConfiguration;
			buildSettings = {
				ALWAYS_SEARCH_USER_PATHS = NO;
				CLANG_ANALYZER_NONNULL = YES;
				CLANG_ANALYZER_NUMBER_OBJECT_CONVERSION = YES_AGGRESSIVE;
				CLANG_CXX_LANGUAGE_STANDARD = "gnu++0x";
				CLANG_CXX_LIBRARY = "libc++";
				CLANG_ENABLE_MODULES = YES;
				CLANG_ENABLE_OBJC_ARC = YES;
				CLANG_WARN_BOOL_CONVERSION = YES;
				CLANG_WARN_CONSTANT_CONVERSION = YES;
				CLANG_WARN_DIRECT_OBJC_ISA_USAGE = YES_ERROR;
				CLANG_WARN_DOCUMENTATION_COMMENTS = YES;
				CLANG_WARN_EMPTY_BODY = YES;
				CLANG_WARN_ENUM_CONVERSION = YES;
				CLANG_WARN_INFINITE_RECURSION = YES;
				CLANG_WARN_INT_CONVERSION = YES;
				CLANG_WARN_OBJC_ROOT_CLASS = YES_ERROR;
				CLANG_WARN_SUSPICIOUS_MOVE = YES;
				CLANG_WARN_UNREACHABLE_CODE = YES;
				CLANG_WARN__DUPLICATE_METHOD_MATCH = YES;
				"CODE_SIGN_IDENTITY[sdk=iphoneos*]" = "iPhone Developer";
				COPY_PHASE_STRIP = NO;
				DEBUG_INFORMATION_FORMAT = dwarf;
				ENABLE_STRICT_OBJC_MSGSEND = YES;
				ENABLE_TESTABILITY = YES;
				GCC_C_LANGUAGE_STANDARD = gnu99;
				GCC_DYNAMIC_NO_PIC = NO;
				GCC_NO_COMMON_BLOCKS = YES;
				GCC_OPTIMIZATION_LEVEL = 0;
				GCC_PREPROCESSOR_DEFINITIONS = (
					"DEBUG=1",
					"$(inherited)",
				);
				GCC_WARN_64_TO_32_BIT_CONVERSION = YES;
				GCC_WARN_ABOUT_RETURN_TYPE = YES_ERROR;
				GCC_WARN_UNDECLARED_SELECTOR = YES;
				GCC_WARN_UNINITIALIZED_AUTOS = YES_AGGRESSIVE;
				GCC_WARN_UNUSED_FUNCTION = YES;
				GCC_WARN_UNUSED_VARIABLE = YES;
				IPHONEOS_DEPLOYMENT_TARGET = 10.3;
				MTL_ENABLE_DEBUG_INFO = YES;
				ONLY_ACTIVE_ARCH = YES;
				SDKROOT = iphoneos;
				SWIFT_ACTIVE_COMPILATION_CONDITIONS = DEBUG;
				SWIFT_OPTIMIZATION_LEVEL = "-Onone";
				TARGETED_DEVICE_FAMILY = "1,2";
			};
			name = Debug;
		};
		E2B552351F4E1D0B00C7FA59 /* Release */ = {
			isa = XCBuildConfiguration;
			buildSettings = {
				ALWAYS_SEARCH_USER_PATHS = NO;
				CLANG_ANALYZER_NONNULL = YES;
				CLANG_ANALYZER_NUMBER_OBJECT_CONVERSION = YES_AGGRESSIVE;
				CLANG_CXX_LANGUAGE_STANDARD = "gnu++0x";
				CLANG_CXX_LIBRARY = "libc++";
				CLANG_ENABLE_MODULES = YES;
				CLANG_ENABLE_OBJC_ARC = YES;
				CLANG_WARN_BOOL_CONVERSION = YES;
				CLANG_WARN_CONSTANT_CONVERSION = YES;
				CLANG_WARN_DIRECT_OBJC_ISA_USAGE = YES_ERROR;
				CLANG_WARN_DOCUMENTATION_COMMENTS = YES;
				CLANG_WARN_EMPTY_BODY = YES;
				CLANG_WARN_ENUM_CONVERSION = YES;
				CLANG_WARN_INFINITE_RECURSION = YES;
				CLANG_WARN_INT_CONVERSION = YES;
				CLANG_WARN_OBJC_ROOT_CLASS = YES_ERROR;
				CLANG_WARN_SUSPICIOUS_MOVE = YES;
				CLANG_WARN_UNREACHABLE_CODE = YES;
				CLANG_WARN__DUPLICATE_METHOD_MATCH = YES;
				"CODE_SIGN_IDENTITY[sdk=iphoneos*]" = "iPhone Developer";
				COPY_PHASE_STRIP = NO;
				DEBUG_INFORMATION_FORMAT = "dwarf-with-dsym";
				ENABLE_NS_ASSERTIONS = NO;
				ENABLE_STRICT_OBJC_MSGSEND = YES;
				GCC_C_LANGUAGE_STANDARD = gnu99;
				GCC_NO_COMMON_BLOCKS = YES;
				GCC_WARN_64_TO_32_BIT_CONVERSION = YES;
				GCC_WARN_ABOUT_RETURN_TYPE = YES_ERROR;
				GCC_WARN_UNDECLARED_SELECTOR = YES;
				GCC_WARN_UNINITIALIZED_AUTOS = YES_AGGRESSIVE;
				GCC_WARN_UNUSED_FUNCTION = YES;
				GCC_WARN_UNUSED_VARIABLE = YES;
				IPHONEOS_DEPLOYMENT_TARGET = 10.3;
				MTL_ENABLE_DEBUG_INFO = NO;
				SDKROOT = iphoneos;
				SWIFT_OPTIMIZATION_LEVEL = "-Owholemodule";
				TARGETED_DEVICE_FAMILY = "1,2";
				VALIDATE_PRODUCT = YES;
			};
			name = Release;
		};
		E2B552371F4E1D0B00C7FA59 /* Debug */ = {
			isa = XCBuildConfiguration;
			buildSettings = {
				ASSETCATALOG_COMPILER_APPICON_NAME = AppIcon;
				DEVELOPMENT_TEAM = 54677L9HM4;
				INFOPLIST_FILE = Pokedex/Info.plist;
				LD_RUNPATH_SEARCH_PATHS = "$(inherited) @executable_path/Frameworks";
				PRODUCT_BUNDLE_IDENTIFIER = com.binal.Pokedex;
				PRODUCT_NAME = "$(TARGET_NAME)";
				SWIFT_VERSION = 3.0;
			};
			name = Debug;
		};
		E2B552381F4E1D0B00C7FA59 /* Release */ = {
			isa = XCBuildConfiguration;
			buildSettings = {
				ASSETCATALOG_COMPILER_APPICON_NAME = AppIcon;
				DEVELOPMENT_TEAM = 54677L9HM4;
				INFOPLIST_FILE = Pokedex/Info.plist;
				LD_RUNPATH_SEARCH_PATHS = "$(inherited) @executable_path/Frameworks";
				PRODUCT_BUNDLE_IDENTIFIER = com.binal.Pokedex;
				PRODUCT_NAME = "$(TARGET_NAME)";
				SWIFT_VERSION = 3.0;
			};
			name = Release;
		};
/* End XCBuildConfiguration section */

/* Begin XCConfigurationList section */
		E2B5521C1F4E1D0B00C7FA59 /* Build configuration list for PBXProject "Pokedex" */ = {
			isa = XCConfigurationList;
			buildConfigurations = (
				E2B552341F4E1D0B00C7FA59 /* Debug */,
				E2B552351F4E1D0B00C7FA59 /* Release */,
			);
			defaultConfigurationIsVisible = 0;
			defaultConfigurationName = Release;
		};
		E2B552361F4E1D0B00C7FA59 /* Build configuration list for PBXNativeTarget "Pokedex" */ = {
			isa = XCConfigurationList;
			buildConfigurations = (
				E2B552371F4E1D0B00C7FA59 /* Debug */,
				E2B552381F4E1D0B00C7FA59 /* Release */,
			);
			defaultConfigurationIsVisible = 0;
		};
/* End XCConfigurationList section */

/* Begin XCVersionGroup section */
		E2B5522B1F4E1D0B00C7FA59 /* Pokedex.xcdatamodeld */ = {
			isa = XCVersionGroup;
			children = (
				E2B5522C1F4E1D0B00C7FA59 /* Pokedex.xcdatamodel */,
			);
			currentVersion = E2B5522C1F4E1D0B00C7FA59 /* Pokedex.xcdatamodel */;
			path = Pokedex.xcdatamodeld;
			sourceTree = "<group>";
			versionGroupType = wrapper.xcdatamodel;
		};
/* End XCVersionGroup section */
	};
	rootObject = E2B552191F4E1D0B00C7FA59 /* Project object */;
}
